
Microsoft Visual Studio Solution File, Format Version 12.00
# Visual Studio Version 17
VisualStudioVersion = 17.4.33213.308
MinimumVisualStudioVersion = 10.0.40219.1
Project("{9A19103F-16F7-4668-BE54-9A1E7A4F7556}") = "Memidlo.Web", "Memidlo.Web\Memidlo.Web.csproj", "{792833F0-CF45-4592-A414-7E6604F33131}"
EndProject
Global
	GlobalSection(SolutionConfigurationPlatforms) = preSolution
		Debug|Any CPU = Debug|Any CPU
		Release|Any CPU = Release|Any CPU
	EndGlobalSection
	GlobalSection(ProjectConfigurationPlatforms) = postSolution
		{792833F0-CF45-4592-A414-7E6604F33131}.Debug|Any CPU.ActiveCfg = Debug|Any CPU
		{792833F0-CF45-4592-A414-7E6604F33131}.Debug|Any CPU.Build.0 = Debug|Any CPU
		{792833F0-CF45-4592-A414-7E6604F33131}.Release|Any CPU.ActiveCfg = Release|Any CPU
		{792833F0-CF45-4592-A414-7E6604F33131}.Release|Any CPU.Build.0 = Release|Any CPU
	EndGlobalSection
	GlobalSection(SolutionProperties) = preSolution
		HideSolutionNode = FALSE
	EndGlobalSection
	GlobalSection(ExtensibilityGlobals) = postSolution
		SolutionGuid = {0E507CFF-02D1-401B-9D86-73C7BE956ECB}
	EndGlobalSection
EndGlobal
